dependencies:
  chmorgan/esp-libhelix-mp3:
    component_hash: cbb76089dc2c5749f7b470e2e70aedc44c9da519e04eb9a67d4c7ec275229e53
    source:
      pre_release: false
      service_url: https://api.components.espressif.com/
      type: service
    version: 1.0.3
  espressif/arduino-esp32:
    component_hash: 27d2a8ed0e2e0829633d72abbc3f2218d849c23577a2f065370188003696554c
    source:
      pre_release: false
      service_url: https://api.components.espressif.com/
      type: service
    version: 3.0.0-rc1
  espressif/cbor:
    component_hash: 440f4ee4504841cc9b4f3a8ef755776a612ac9dace355514c68b999868f990ff
    source:
      pre_release: false
      service_url: https://api.components.espressif.com/
      type: service
    version: 0.6.0~1
  espressif/esp-dsp:
    component_hash: 3e7bbd487f1357a1d4944d0c85966d049501ea281b8a4c7f93f7cfedd5b7f23d
    source:
      pre_release: false
      service_url: https://api.components.espressif.com/
      type: service
    version: 1.4.12
  espressif/esp-idf-cxx:
    component_hash: 2fa63e4e725f0c2d3dd6d99da8a91d404b4b49667088b1be0f336eb9c13ff17f
    source:
      service_url: https://api.components.espressif.com/
      type: service
    version: 1.0.2-beta
  espressif/esp-sr:
    component_hash: 16af25295f531495fe7e36cf2e8c8bb49629be42c38a56f55f4ded825ada0ffc
    source:
      pre_release: false
      service_url: https://api.components.espressif.com/
      type: service
    version: 1.7.1
  espressif/esp-zboss-lib:
    component_hash: c7020f631cd4ad25e159ddb812bdc80906b5b424457abc81c9b8b0e92687837a
    source:
      pre_release: false
      service_url: https://api.components.espressif.com/
      type: service
    version: 1.3.2
  espressif/esp-zigbee-lib:
    component_hash: 752dbc8abb2befd2d49ee902051699fac5e32c6962950d64cd888d75d6566ca0
    source:
      pre_release: false
      service_url: https://api.components.espressif.com/
      type: service
    version: 1.3.2
  espressif/esp_diag_data_store:
    component_hash: 8849195251dbb8a2d7268335277cfa310cef36e4ac1e90cd59ad3be4269a30d7
    source:
      pre_release: false
      service_url: https://api.components.espressif.com/
      type: service
    version: 1.0.1
  espressif/esp_diagnostics:
    component_hash: 2350938db074002ef088c05cd32d80a528185e47afdb3642427156256c3e13c5
    source:
      pre_release: false
      service_url: https://api.components.espressif.com/
      type: service
    version: 1.1.0
  espressif/esp_insights:
    component_hash: 72ece1dcf0146275e1df976c713a9b193af0907931f3810957ee68a0a84b077d
    source:
      pre_release: false
      service_url: https://api.components.espressif.com/
      type: service
    version: 1.1.0
  espressif/esp_mqtt_cxx:
    component_hash: 08c9cfd2aa1eb9b3f8064e0d7ba9c8a341dd86caa8f9ae7fc5b882e5b473c79f
    source:
      service_url: https://api.components.espressif.com/
      type: service
    version: 0.3.0
  espressif/esp_rainmaker:
    component_hash: 25008c033cd20c99eedf86b42e12d35723f59a02cc577b7d5fc3b683864a72ff
    source:
      pre_release: false
      service_url: https://api.components.espressif.com/
      type: service
    version: 1.2.0
  espressif/esp_schedule:
    component_hash: e202a9c688f7f1ab601efb91d682e4bcfaebc508dcceee1a1e0a0d2d1ca75a26
    source:
      pre_release: false
      service_url: https://api.components.espressif.com/
      type: service
    version: 1.2.0
  espressif/esp_secure_cert_mgr:
    component_hash: a20007d67e65a000670ab77e45d7554c943eb8dcb0abeada0a57dd9adac3a703
    source:
      pre_release: false
      service_url: https://api.components.espressif.com/
      type: service
    version: 2.4.1
  espressif/jsmn:
    component_hash: d80350c41bbaa827c98a25b6072df00884e72f54885996fab4a4f0aebce6b6c3
    source:
      pre_release: false
      service_url: https://api.components.espressif.com/
      type: service
    version: 1.1.0
  espressif/json_generator:
    component_hash: 45033e1c199b13f1c8c1b544fb7d4e2df6a8e3071ebdcb1b22582b61a7974ff2
    source:
      pre_release: false
      service_url: https://api.components.espressif.com/
      type: service
    version: 1.1.2
  espressif/json_parser:
    component_hash: d74b81729ad06ec11ff5eb5b1b0d7df1d00e6027fc11471f4b139c70dcf1b1e4
    source:
      pre_release: false
      service_url: https://api.components.espressif.com/
      type: service
    version: 1.0.3
  espressif/mdns:
    component_hash: 31117d76cae83a6d83ffd7f035f6fdae5bd05b914fc30b641afeb208b84de19a
    source:
      pre_release: false
      service_url: https://api.components.espressif.com/
      type: service
    version: 1.3.2
  espressif/qrcode:
    component_hash: 3b493771bc5d6ad30cbf87c25bf784aada8a08c941504355b55d6b75518ed7bc
    source:
      pre_release: false
      service_url: https://api.components.espressif.com/
      type: service
    version: 0.1.0~2
  espressif/rmaker_common:
    component_hash: a3a1df881278d0351fc850b77792fe8a196ddd6dcacbea203d606329cc6a0239
    source:
      pre_release: false
      service_url: https://api.components.espressif.com/
      type: service
    version: 1.4.6
  idf:
    component_hash: null
    source:
      type: idf
    version: 5.1.3
  joltwallet/littlefs:
    component_hash: 82fe9d7d57b5b95d29532aec744f3cfdf9ae1775ac0ca52ac61fc6dd7cf53dba
    source:
      pre_release: false
      service_url: https://api.components.espressif.com/
      type: service
    version: 1.14.6
manifest_hash: 3866c89fc0d89c45c879d2b71d4bdfa9637d271b7e116b9024f1b2ce62bc1007
target: esp32
version: 1.0.0
