dependencies:
- name: grafana
  repository: oci://registry-1.docker.io/bitnamicharts
  version: 11.3.3
- name: influxdb2
  repository: https://helm.influxdata.com
  version: 2.1.2
- name: telegraf
  repository: https://helm.influxdata.com
  version: 1.8.49
- name: reloader
  repository: https://stakater.github.io/stakater-charts
  version: 1.0.114
digest: sha256:9da9e4a5819cc84d13b7b60f2a5145a7ff2352caa78271f7fd853b5cd7c71ff6
generated: "2024-06-21T18:01:28.830883+02:00"
