dependencies:
- name: grafana
  repository: oci://registry-1.docker.io/bitnamicharts
  version: 11.3.3
- name: influxdb2
  repository: https://helm.influxdata.com
  version: 2.1.2
- name: telegraf
  repository: https://helm.influxdata.com
  version: 1.8.49
digest: sha256:9193125542cd2d3aaeddba89b91ce64c07755ad3cab693cb7f4296c357f9e993
generated: "2024-06-21T09:16:34.914469+02:00"
