dependencies:
- name: rabbitmq-cluster-operator
  repository: oci://registry-1.docker.io/bitnamicharts
  version: 4.2.10
- name: operator
  repository: https://operator.min.io
  version: 5.0.15
digest: sha256:f56b388669cf9fade6ef21eb287d062b0944d5526d8783ebb3130468a7f1e549
generated: "2024-06-26T16:13:34.634674+02:00"
